
Microsoft Visual Studio Solution File, Format Version 12.00
# Visual Studio 14
VisualStudioVersion = 14.0.23107.0
MinimumVisualStudioVersion = 10.0.40219.1
Project("{FAE04EC0-301F-11D3-BF4B-00C04F79EFBC}") = "partie2", "partie2\partie2.csproj", "{593F8E61-23D3-4795-A50A-4959E6CE8A5A}"
EndProject
Global
	GlobalSection(SolutionConfigurationPlatforms) = preSolution
		Debug|Any CPU = Debug|Any CPU
		Release|Any CPU = Release|Any CPU
	EndGlobalSection
	GlobalSection(ProjectConfigurationPlatforms) = postSolution
		{593F8E61-23D3-4795-A50A-4959E6CE8A5A}.Debug|Any CPU.ActiveCfg = Debug|Any CPU
		{593F8E61-23D3-4795-A50A-4959E6CE8A5A}.Debug|Any CPU.Build.0 = Debug|Any CPU
		{593F8E61-23D3-4795-A50A-4959E6CE8A5A}.Release|Any CPU.ActiveCfg = Release|Any CPU
		{593F8E61-23D3-4795-A50A-4959E6CE8A5A}.Release|Any CPU.Build.0 = Release|Any CPU
	EndGlobalSection
	GlobalSection(SolutionProperties) = preSolution
		HideSolutionNode = FALSE
	EndGlobalSection
EndGlobal
