
Microsoft Visual Studio Solution File, Format Version 11.00
# Visual C# Express 2010
Project("{FAE04EC0-301F-11D3-BF4B-00C04F79EFBC}") = "WindowsNeuralNetworks", "WindowsNeuralNetworks\WindowsNeuralNetworks.csproj", "{706122E7-351C-4DA0-87F3-4C35A0EB5DD1}"
EndProject
Global
	GlobalSection(SolutionConfigurationPlatforms) = preSolution
		Debug|x86 = Debug|x86
		Release|x86 = Release|x86
	EndGlobalSection
	GlobalSection(ProjectConfigurationPlatforms) = postSolution
		{706122E7-351C-4DA0-87F3-4C35A0EB5DD1}.Debug|x86.ActiveCfg = Debug|x86
		{706122E7-351C-4DA0-87F3-4C35A0EB5DD1}.Debug|x86.Build.0 = Debug|x86
		{706122E7-351C-4DA0-87F3-4C35A0EB5DD1}.Release|x86.ActiveCfg = Release|x86
		{706122E7-351C-4DA0-87F3-4C35A0EB5DD1}.Release|x86.Build.0 = Release|x86
	EndGlobalSection
	GlobalSection(SolutionProperties) = preSolution
		HideSolutionNode = FALSE
	EndGlobalSection
EndGlobal
